// !$*UTF8*$!
{
	archiveVersion = 1;
	classes = {
	};
	objectVersion = 46;
	objects = {

/* Begin PBXBuildFile section */
		907F380C1CC6509400E54E47 /* main.c in Sources */ = {isa = PBXBuildFile; fileRef = 907F380B1CC6509400E54E47 /* main.c */; };
		907F38141CC650BE00E54E47 /* cst_2_1.c in Sources */ = {isa = PBXBuildFile; fileRef = 907F38121CC650BE00E54E47 /* cst_2_1.c */; };
/* End PBXBuildFile section */

/* Begin PBXCopyFilesBuildPhase section */
		907F38061CC6509400E54E47 /* CopyFiles */ = {
			isa = PBXCopyFilesBuildPhase;
			buildActionMask = 2147483647;
			dstPath = /usr/share/man/man1/;
			dstSubfolderSpec = 0;
			files = (
			);
			runOnlyForDeploymentPostprocessing = 1;
		};
/* End PBXCopyFilesBuildPhase section */

/* Begin PBXFileReference section */
		907F38081CC6509400E54E47 /* ch2 */ = {isa = PBXFileReference; explicitFileType = "compiled.mach-o.executable"; includeInIndex = 0; path = ch2; sourceTree = BUILT_PRODUCTS_DIR; };
		907F380B1CC6509400E54E47 /* main.c */ = {isa = PBXFileReference; lastKnownFileType = sourcecode.c.c; path = main.c; sourceTree = "<group>"; };
		907F38121CC650BE00E54E47 /* cst_2_1.c */ = {isa = PBXFileReference; fileEncoding = 4; lastKnownFileType = sourcecode.c.c; path = cst_2_1.c; sourceTree = "<group>"; };
		907F38131CC650BE00E54E47 /* cst_2_1.h */ = {isa = PBXFileReference; fileEncoding = 4; lastKnownFileType = sourcecode.c.h; path = cst_2_1.h; sourceTree = "<group>"; };
/* End PBXFileReference section */

/* Begin PBXFrameworksBuildPhase section */
		907F38051CC6509400E54E47 /* Frameworks */ = {
			isa = PBXFrameworksBuildPhase;
			buildActionMask = 2147483647;
			files = (
			);
			runOnlyForDeploymentPostprocessing = 0;
		};
/* End PBXFrameworksBuildPhase section */

/* Begin PBXGroup section */
		907F37FF1CC6509400E54E47 = {
			isa = PBXGroup;
			children = (
				907F380A1CC6509400E54E47 /* ch2 */,
				907F38091CC6509400E54E47 /* Products */,
			);
			sourceTree = "<group>";
		};
		907F38091CC6509400E54E47 /* Products */ = {
			isa = PBXGroup;
			children = (
				907F38081CC6509400E54E47 /* ch2 */,
			);
			name = Products;
			sourceTree = "<group>";
		};
		907F380A1CC6509400E54E47 /* ch2 */ = {
			isa = PBXGroup;
			children = (
				907F380B1CC6509400E54E47 /* main.c */,
				907F38121CC650BE00E54E47 /* cst_2_1.c */,
				907F38131CC650BE00E54E47 /* cst_2_1.h */,
			);
			path = ch2;
			sourceTree = "<group>";
		};
/* End PBXGroup section */

/* Begin PBXNativeTarget section */
		907F38071CC6509400E54E47 /* ch2 */ = {
			isa = PBXNativeTarget;
			buildConfigurationList = 907F380F1CC6509400E54E47 /* Build configuration list for PBXNativeTarget "ch2" */;
			buildPhases = (
				907F38041CC6509400E54E47 /* Sources */,
				907F38051CC6509400E54E47 /* Frameworks */,
				907F38061CC6509400E54E47 /* CopyFiles */,
			);
			buildRules = (
			);
			dependencies = (
			);
			name = ch2;
			productName = ch2;
			productReference = 907F38081CC6509400E54E47 /* ch2 */;
			productType = "com.apple.product-type.tool";
		};
/* End PBXNativeTarget section */

/* Begin PBXProject section */
		907F38001CC6509400E54E47 /* Project object */ = {
			isa = PBXProject;
			attributes = {
				LastUpgradeCheck = 0730;
				ORGANIZATIONNAME = tangyiwu;
				TargetAttributes = {
					907F38071CC6509400E54E47 = {
						CreatedOnToolsVersion = 7.3;
					};
				};
			};
			buildConfigurationList = 907F38031CC6509400E54E47 /* Build configuration list for PBXProject "ch2" */;
			compatibilityVersion = "Xcode 3.2";
			developmentRegion = English;
			hasScannedForEncodings = 0;
			knownRegions = (
				en,
			);
			mainGroup = 907F37FF1CC6509400E54E47;
			productRefGroup = 907F38091CC6509400E54E47 /* Products */;
			projectDirPath = "";
			projectRoot = "";
			targets = (
				907F38071CC6509400E54E47 /* ch2 */,
			);
		};
/* End PBXProject section */

/* Begin PBXSourcesBuildPhase section */
		907F38041CC6509400E54E47 /* Sources */ = {
			isa = PBXSourcesBuildPhase;
			buildActionMask = 2147483647;
			files = (
				907F380C1CC6509400E54E47 /* main.c in Sources */,
				907F38141CC650BE00E54E47 /* cst_2_1.c in Sources */,
			);
			runOnlyForDeploymentPostprocessing = 0;
		};
/* End PBXSourcesBuildPhase section */

/* Begin XCBuildConfiguration section */
		907F380D1CC6509400E54E47 /* Debug */ = {
			isa = XCBuildConfiguration;
			buildSettings = {
				ALWAYS_SEARCH_USER_PATHS = NO;
				CLANG_ANALYZER_NONNULL = YES;
				CLANG_CXX_LANGUAGE_STANDARD = "gnu++0x";
				CLANG_CXX_LIBRARY = "libc++";
				CLANG_ENABLE_MODULES = YES;
				CLANG_ENABLE_OBJC_ARC = YES;
				CLANG_WARN_BOOL_CONVERSION = YES;
				CLANG_WARN_CONSTANT_CONVERSION = YES;
				CLANG_WARN_DIRECT_OBJC_ISA_USAGE = YES_ERROR;
				CLANG_WARN_EMPTY_BODY = YES;
				CLANG_WARN_ENUM_CONVERSION = YES;
				CLANG_WARN_INT_CONVERSION = YES;
				CLANG_WARN_OBJC_ROOT_CLASS = YES_ERROR;
				CLANG_WARN_UNREACHABLE_CODE = YES;
				CLANG_WARN__DUPLICATE_METHOD_MATCH = YES;
				CODE_SIGN_IDENTITY = "-";
				COPY_PHASE_STRIP = NO;
				DEBUG_INFORMATION_FORMAT = dwarf;
				ENABLE_STRICT_OBJC_MSGSEND = YES;
				ENABLE_TESTABILITY = YES;
				GCC_C_LANGUAGE_STANDARD = gnu99;
				GCC_DYNAMIC_NO_PIC = NO;
				GCC_NO_COMMON_BLOCKS = YES;
				GCC_OPTIMIZATION_LEVEL = 0;
				GCC_PREPROCESSOR_DEFINITIONS = (
					"DEBUG=1",
					"$(inherited)",
				);
				GCC_WARN_64_TO_32_BIT_CONVERSION = YES;
				GCC_WARN_ABOUT_RETURN_TYPE = YES_ERROR;
				GCC_WARN_UNDECLARED_SELECTOR = YES;
				GCC_WARN_UNINITIALIZED_AUTOS = YES_AGGRESSIVE;
				GCC_WARN_UNUSED_FUNCTION = YES;
				GCC_WARN_UNUSED_VARIABLE = YES;
				MACOSX_DEPLOYMENT_TARGET = 10.11;
				MTL_ENABLE_DEBUG_INFO = YES;
				ONLY_ACTIVE_ARCH = YES;
				SDKROOT = macosx;
			};
			name = Debug;
		};
		907F380E1CC6509400E54E47 /* Release */ = {
			isa = XCBuildConfiguration;
			buildSettings = {
				ALWAYS_SEARCH_USER_PATHS = NO;
				CLANG_ANALYZER_NONNULL = YES;
				CLANG_CXX_LANGUAGE_STANDARD = "gnu++0x";
				CLANG_CXX_LIBRARY = "libc++";
				CLANG_ENABLE_MODULES = YES;
				CLANG_ENABLE_OBJC_ARC = YES;
				CLANG_WARN_BOOL_CONVERSION = YES;
				CLANG_WARN_CONSTANT_CONVERSION = YES;
				CLANG_WARN_DIRECT_OBJC_ISA_USAGE = YES_ERROR;
				CLANG_WARN_EMPTY_BODY = YES;
				CLANG_WARN_ENUM_CONVERSION = YES;
				CLANG_WARN_INT_CONVERSION = YES;
				CLANG_WARN_OBJC_ROOT_CLASS = YES_ERROR;
				CLANG_WARN_UNREACHABLE_CODE = YES;
				CLANG_WARN__DUPLICATE_METHOD_MATCH = YES;
				CODE_SIGN_IDENTITY = "-";
				COPY_PHASE_STRIP = NO;
				DEBUG_INFORMATION_FORMAT = "dwarf-with-dsym";
				ENABLE_NS_ASSERTIONS = NO;
				ENABLE_STRICT_OBJC_MSGSEND = YES;
				GCC_C_LANGUAGE_STANDARD = gnu99;
				GCC_NO_COMMON_BLOCKS = YES;
				GCC_WARN_64_TO_32_BIT_CONVERSION = YES;
				GCC_WARN_ABOUT_RETURN_TYPE = YES_ERROR;
				GCC_WARN_UNDECLARED_SELECTOR = YES;
				GCC_WARN_UNINITIALIZED_AUTOS = YES_AGGRESSIVE;
				GCC_WARN_UNUSED_FUNCTION = YES;
				GCC_WARN_UNUSED_VARIABLE = YES;
				MACOSX_DEPLOYMENT_TARGET = 10.11;
				MTL_ENABLE_DEBUG_INFO = NO;
				SDKROOT = macosx;
			};
			name = Release;
		};
		907F38101CC6509400E54E47 /* Debug */ = {
			isa = XCBuildConfiguration;
			buildSettings = {
				PRODUCT_NAME = "$(TARGET_NAME)";
			};
			name = Debug;
		};
		907F38111CC6509400E54E47 /* Release */ = {
			isa = XCBuildConfiguration;
			buildSettings = {
				PRODUCT_NAME = "$(TARGET_NAME)";
			};
			name = Release;
		};
/* End XCBuildConfiguration section */

/* Begin XCConfigurationList section */
		907F38031CC6509400E54E47 /* Build configuration list for PBXProject "ch2" */ = {
			isa = XCConfigurationList;
			buildConfigurations = (
				907F380D1CC6509400E54E47 /* Debug */,
				907F380E1CC6509400E54E47 /* Release */,
			);
			defaultConfigurationIsVisible = 0;
			defaultConfigurationName = Release;
		};
		907F380F1CC6509400E54E47 /* Build configuration list for PBXNativeTarget "ch2" */ = {
			isa = XCConfigurationList;
			buildConfigurations = (
				907F38101CC6509400E54E47 /* Debug */,
				907F38111CC6509400E54E47 /* Release */,
			);
			defaultConfigurationIsVisible = 0;
		};
/* End XCConfigurationList section */
	};
	rootObject = 907F38001CC6509400E54E47 /* Project object */;
}
